
Microsoft Visual Studio Solution File, Format Version 12.00
# Visual Studio Version 17
VisualStudioVersion = 17.1.32210.238
MinimumVisualStudioVersion = 10.0.40219.1
Project("{FAE04EC0-301F-11D3-BF4B-00C04F79EFBC}") = "Streaming_Video_MVC", "Streaming_Video_MVC.csproj", "{A009DB2E-150A-45B4-A005-3F90FB0A1607}"
EndProject
Global
	GlobalSection(SolutionConfigurationPlatforms) = preSolution
		Debug|Any CPU = Debug|Any CPU
		Release|Any CPU = Release|Any CPU
	EndGlobalSection
	GlobalSection(ProjectConfigurationPlatforms) = postSolution
		{A009DB2E-150A-45B4-A005-3F90FB0A1607}.Debug|Any CPU.ActiveCfg = Debug|Any CPU
		{A009DB2E-150A-45B4-A005-3F90FB0A1607}.Debug|Any CPU.Build.0 = Debug|Any CPU
		{A009DB2E-150A-45B4-A005-3F90FB0A1607}.Release|Any CPU.ActiveCfg = Release|Any CPU
		{A009DB2E-150A-45B4-A005-3F90FB0A1607}.Release|Any CPU.Build.0 = Release|Any CPU
	EndGlobalSection
	GlobalSection(SolutionProperties) = preSolution
		HideSolutionNode = FALSE
	EndGlobalSection
	GlobalSection(ExtensibilityGlobals) = postSolution
		SolutionGuid = {5F267B05-39FE-421F-B942-9C95168FCAA7}
	EndGlobalSection
EndGlobal
